# This file is automatically @generated by Poetry 1.6.1 and should not be changed by hand.

[[package]]
name = "bitarray"
version = "2.8.2"
description = "efficient arrays of booleans -- C extension"
optional = false
python-versions = "*"
files = [
    {file = "bitarray-2.8.2-cp310-cp310-macosx_10_9_universal2.whl", hash = "sha256:525eda30469522cd840a11ba866d0616c132f6c4be8966a297d7545e97fcb822"},
    {file = "bitarray-2.8.2-cp310-cp310-macosx_10_9_x86_64.whl", hash = "sha256:c3d9730341c825eb167ca06c9dddf6ad4d1b4e71ea7da73cc8c5139fcb5e14ca"},
    {file = "bitarray-2.8.2-cp310-cp310-macosx_11_0_arm64.whl", hash = "sha256:ad8f8c39c8df184e346184699783f105755003662f0dbe1233d9d9849650ab5f"},
    {file = "bitarray-2.8.2-cp310-cp310-manylinux_2_17_aarch64.manylinux2014_aarch64.whl", hash = "sha256:2cb8d08330d250df47088c13683322083afbdfafdc31df205616506d6b9f068f"},
    {file = "bitarray-2.8.2-cp310-cp310-manylinux_2_17_ppc64le.manylinux2014_ppc64le.whl", hash = "sha256:56f19ccba8a6ddf1382b0fb4fb8d4e1330e4a1b148e5d198f0981ba2a97c3492"},
    {file = "bitarray-2.8.2-cp310-cp310-manylinux_2_17_s390x.manylinux2014_s390x.whl", hash = "sha256:4db2e0f58153a376d9a14873e342d507ca32640640284cddf3c1e74a65929477"},
    {file = "bitarray-2.8.2-cp310-cp310-manylinux_2_17_x86_64.manylinux2014_x86_64.whl", hash = "sha256:b9b3c27aeea1752f0c1df1e29115e4b6f0249173d71e53c5f7e2c821706f028b"},
    {file = "bitarray-2.8.2-cp310-cp310-manylinux_2_5_i686.manylinux1_i686.manylinux_2_17_i686.manylinux2014_i686.whl", hash = "sha256:ef23f62b3abd287cf368341540ef2a81c86b48de9d488e182e63fe24ac165538"},
    {file = "bitarray-2.8.2-cp310-cp310-musllinux_1_1_aarch64.whl", hash = "sha256:6d79fd3c58a4dc71ffd0fc55982a9a2079fe94c76ccff2777092f6107d6a049a"},
    {file = "bitarray-2.8.2-cp310-cp310-musllinux_1_1_i686.whl", hash = "sha256:8528c59d3d3df6618777892b60435022d8917de9ea32933d439c7ffd24437237"},
    {file = "bitarray-2.8.2-cp310-cp310-musllinux_1_1_ppc64le.whl", hash = "sha256:c35bb5fe018fd9c42be3c28e74dc7dcfae471c3c6689679dbd0bd1d6dc0f51b7"},
    {file = "bitarray-2.8.2-cp310-cp310-musllinux_1_1_s390x.whl", hash = "sha256:232e8faa8e624f3eb0552a636ebe745cee00480e0e56ad62f17808d281838f2e"},
    {file = "bitarray-2.8.2-cp310-cp310-musllinux_1_1_x86_64.whl", hash = "sha256:945e97ad2bbf7885426f39641a735a31fd4ca2e84e4d0cd271d9880372d6eae1"},
    {file = "bitarray-2.8.2-cp310-cp310-win32.whl", hash = "sha256:88c2d427ab1b20f220c1d53171b0691faa8f0a219367d84e859f1001e90ceefc"},
    {file = "bitarray-2.8.2-cp310-cp310-win_amd64.whl", hash = "sha256:f7c5745e0f96c2c16c03c7540dbe26f3b62ddee63059be0a014156933f054024"},
    {file = "bitarray-2.8.2-cp311-cp311-macosx_10_9_universal2.whl", hash = "sha256:a610426251d1340baa4d8b7942d2cbfe6a1e20b92c66817ab582e0d341185ab5"},
    {file = "bitarray-2.8.2-cp311-cp311-macosx_10_9_x86_64.whl", hash = "sha256:599b04b04eb1b5b964a35986bea2bc4381145836fe550cc33c40a796b855b985"},
    {file = "bitarray-2.8.2-cp311-cp311-macosx_11_0_arm64.whl", hash = "sha256:9014660472f2080d550157164cc5f9376245a34a0ab877b82b95c1f894af5b28"},
    {file = "bitarray-2.8.2-cp311-cp311-manylinux_2_17_aarch64.manylinux2014_aarch64.whl", hash = "sha256:532d63c54159f7e0fb520e2f72ef596493bc43810eaa75fac7a188e898ab593b"},
    {file = "bitarray-2.8.2-cp311-cp311-manylinux_2_17_ppc64le.manylinux2014_ppc64le.whl", hash = "sha256:ad1563f11dd70cb1684cfe841e4cf7f35d4f65769de21d12b72cf773a7932615"},
    {file = "bitarray-2.8.2-cp311-cp311-manylinux_2_17_s390x.manylinux2014_s390x.whl", hash = "sha256:2e456150af62ee1f24a0c9976947629bfb80d80b4fbd37aa901cf794db6ba9b0"},
    {file = "bitarray-2.8.2-cp311-cp311-manylinux_2_17_x86_64.manylinux2014_x86_64.whl", hash = "sha256:1cc29909e4cef05d5e49f5d77ace1dc49311c7791734a048b690521c76b4b7a0"},
    {file = "bitarray-2.8.2-cp311-cp311-manylinux_2_5_i686.manylinux1_i686.manylinux_2_17_i686.manylinux2014_i686.whl", hash = "sha256:608385f07a4b0391d4982d1efb83ad70920cd8ca495a7868e44d2a4511cbf84e"},
    {file = "bitarray-2.8.2-cp311-cp311-musllinux_1_1_aarch64.whl", hash = "sha256:d2baf7ec353fa64917045b3efe26e7c12ce0d7b4d120c3773a612dce54f91585"},
    {file = "bitarray-2.8.2-cp311-cp311-musllinux_1_1_i686.whl", hash = "sha256:2c39d1cb04fc277701de6fe2119cc71facc4aff2ca0414b2e326aec337fa1ab4"},
    {file = "bitarray-2.8.2-cp311-cp311-musllinux_1_1_ppc64le.whl", hash = "sha256:3caf4ca668854bb23db4b65af0068238677b5791bcc45694bf8990f3e26e85c9"},
    {file = "bitarray-2.8.2-cp311-cp311-musllinux_1_1_s390x.whl", hash = "sha256:4bbfe4474d3470c724e283bd1fe8ee9ab3cb6a4c378112926f45d41e326a7622"},
    {file = "bitarray-2.8.2-cp311-cp311-musllinux_1_1_x86_64.whl", hash = "sha256:cb941981676dc7859d53199a10a33ca56a3146cce6a45bc6ad70572c1147157d"},
    {file = "bitarray-2.8.2-cp311-cp311-win32.whl", hash = "sha256:e8963d7ac292f41654fa7cbc1a34efdb09e5a42399b2e3689c3fd5b8b4e0fe16"},
    {file = "bitarray-2.8.2-cp311-cp311-win_amd64.whl", hash = "sha256:ee779a291330287b341044635fce2979176d113b0dcce0308dc5d62da7951eec"},
    {file = "bitarray-2.8.2-cp312-cp312-macosx_10_9_universal2.whl", hash = "sha256:05d84765bbfd0aa10890c765c56c917c237987325c4e327f3c0febbfc34365c8"},
    {file = "bitarray-2.8.2-cp312-cp312-macosx_10_9_x86_64.whl", hash = "sha256:c7b7be4bff27d7ce6a81d3993755371b5f5b42436afa151868e8fd599acbab19"},
    {file = "bitarray-2.8.2-cp312-cp312-macosx_11_0_arm64.whl", hash = "sha256:c3d51ab9f3d5b9a10295abe480c50bf74ee5bf3d984c4cee77e493e575acc869"},
    {file = "bitarray-2.8.2-cp312-cp312-manylinux_2_17_aarch64.manylinux2014_aarch64.whl", hash = "sha256:00bad63ef6f9d22ba36b01b89167176a451ea22a916d1dfa77d73e0298f1d1f9"},
    {file = "bitarray-2.8.2-cp312-cp312-manylinux_2_17_ppc64le.manylinux2014_ppc64le.whl", hash = "sha256:225e19d37b234d4d721557434b7d5590cd63b6342492b689e2d694d44d7cc537"},
    {file = "bitarray-2.8.2-cp312-cp312-manylinux_2_17_s390x.manylinux2014_s390x.whl", hash = "sha256:d7e3ab9870c496e5a058436bf4d96ed111ca6154c8ef8147b70c44c188d6fb2c"},
    {file = "bitarray-2.8.2-cp312-cp312-manylinux_2_17_x86_64.manylinux2014_x86_64.whl", hash = "sha256:ff3e182c766cd6f302e99e0d8e44927d533356e9d6ac93fcd09987ebead467aa"},
    {file = "bitarray-2.8.2-cp312-cp312-manylinux_2_5_i686.manylinux1_i686.manylinux_2_17_i686.manylinux2014_i686.whl", hash = "sha256:a7bb559b68eb9cb3c4f867eb9fb39a696c4da70a41fad37b410bd0c7b426a8ce"},
    {file = "bitarray-2.8.2-cp312-cp312-musllinux_1_1_aarch64.whl", hash = "sha256:97e658a3793478d6bca684f47f29f62542312683687bc045dc3cb588160e74b3"},
    {file = "bitarray-2.8.2-cp312-cp312-musllinux_1_1_i686.whl", hash = "sha256:dd351b8fbc77c2e2ebc3eeadc0cf72bd5024a43bef5a847697e2b076d1201636"},
    {file = "bitarray-2.8.2-cp312-cp312-musllinux_1_1_ppc64le.whl", hash = "sha256:280809e56a7098f48165ce134222098e4cfe7084b10d69bbc31367942e541dfd"},
    {file = "bitarray-2.8.2-cp312-cp312-musllinux_1_1_s390x.whl", hash = "sha256:14bc38ced7edffff25ee748c1eabc530624c9af68f86322b030b11b7918b966f"},
    {file = "bitarray-2.8.2-cp312-cp312-musllinux_1_1_x86_64.whl", hash = "sha256:de4953b6b1e19dabd23767bd1f83f1cf73978372189dec0e2dd8b3d6971100d6"},
    {file = "bitarray-2.8.2-cp312-cp312-win32.whl", hash = "sha256:99196b4730d887a4bc578f05039b55dc57b131c81b5a5e03efa619b587bdf293"},
    {file = "bitarray-2.8.2-cp312-cp312-win_amd64.whl", hash = "sha256:215a5bf8fdcbed700cc8782d4044e1f036606d5c321710d83e8da6d0fdfe07d5"},
    {file = "bitarray-2.8.2-cp36-cp36m-macosx_10_9_x86_64.whl", hash = "sha256:e9c54136c9fab2cefe9801e336b8a3aa7299bcfe7f387379cc6394ad1d5a484b"},
    {file = "bitarray-2.8.2-cp36-cp36m-manylinux_2_17_aarch64.manylinux2014_aarch64.whl", hash = "sha256:08ad70c1555d9622cecd8f1b132a5341d183a9161aba93cc9739bbaabe4220b0"},
    {file = "bitarray-2.8.2-cp36-cp36m-manylinux_2_17_ppc64le.manylinux2014_ppc64le.whl", hash = "sha256:384be6b7df8fb6a93ddd88d4184094f2ba4f1d07c30dcd4ae164d185d31a2af6"},
    {file = "bitarray-2.8.2-cp36-cp36m-manylinux_2_17_s390x.manylinux2014_s390x.whl", hash = "sha256:bd2a098250c683d248a6490ac437ed56f7164d2151572231bd26c76bfe111b11"},
    {file = "bitarray-2.8.2-cp36-cp36m-manylinux_2_17_x86_64.manylinux2014_x86_64.whl", hash = "sha256:a6ae5c18b9a70cb0ae576a8a3c8a9a0659356c016b49cc6b263dd987d344f30d"},
    {file = "bitarray-2.8.2-cp36-cp36m-manylinux_2_5_i686.manylinux1_i686.manylinux_2_17_i686.manylinux2014_i686.whl", hash = "sha256:188f5780f1cfbeba0c3ddb1aa3fa0415ab1a8aa04e9e89f70ad5403197013437"},
    {file = "bitarray-2.8.2-cp36-cp36m-musllinux_1_1_aarch64.whl", hash = "sha256:5f2a96c5b40727bc21a695d3a106f49e88572fa11427bf2193cabd99e624c901"},
    {file = "bitarray-2.8.2-cp36-cp36m-musllinux_1_1_i686.whl", hash = "sha256:b6df948da34b5fb949698092573d798c76c54f2f2188db59276d599075f9ed04"},
    {file = "bitarray-2.8.2-cp36-cp36m-musllinux_1_1_ppc64le.whl", hash = "sha256:a1f00c328b8dae1828844bac019dfe425d10a2043cc70e2f967224c5392d19ad"},
    {file = "bitarray-2.8.2-cp36-cp36m-musllinux_1_1_s390x.whl", hash = "sha256:7965108069f9731306a882872c23ad4f5a8531668e82b27932a19814c52a8dd8"},
    {file = "bitarray-2.8.2-cp36-cp36m-musllinux_1_1_x86_64.whl", hash = "sha256:420aa610fe392c4ee700e474673276bb4f3c4f091d001f58b1f018bf650840c1"},
    {file = "bitarray-2.8.2-cp36-cp36m-win32.whl", hash = "sha256:b85929db81105c06e8292c05cac093068e86464555c628c03f99c9f8090d68d4"},
    {file = "bitarray-2.8.2-cp36-cp36m-win_amd64.whl", hash = "sha256:cba09dfd3aea2addc994eb21a861c3cea2d68141bb7ebe68b0e94c73405540f9"},
    {file = "bitarray-2.8.2-cp37-cp37m-macosx_10_9_x86_64.whl", hash = "sha256:172169099797f1ec469b0aadb00c653193a74757f99312c9c17dc1a18d23d972"},
    {file = "bitarray-2.8.2-cp37-cp37m-manylinux_2_17_aarch64.manylinux2014_aarch64.whl", hash = "sha256:351a4fed240728dcc96966e0c4cfd3dce870525377a1cb5afac8e5cfe116ff7b"},
    {file = "bitarray-2.8.2-cp37-cp37m-manylinux_2_17_ppc64le.manylinux2014_ppc64le.whl", hash = "sha256:ff31bef13fd278446b6d1969a46db9f02c36fd905f3e75878f0fe17271f7d897"},
    {file = "bitarray-2.8.2-cp37-cp37m-manylinux_2_17_s390x.manylinux2014_s390x.whl", hash = "sha256:fb8b727cd9ddff848c5f73e65470abb110f026beab403bcebbd74e7439b9bd8f"},
    {file = "bitarray-2.8.2-cp37-cp37m-manylinux_2_17_x86_64.manylinux2014_x86_64.whl", hash = "sha256:8d1356c86eefbde3fe8a3c39fb81bbc8b16acc8e442e191408042e8b1d6904e3"},
    {file = "bitarray-2.8.2-cp37-cp37m-manylinux_2_5_i686.manylinux1_i686.manylinux_2_17_i686.manylinux2014_i686.whl", hash = "sha256:7706336bd15acf4e42300579e42bef742c01a4eb202998f6c20c443a2ce5fd60"},
    {file = "bitarray-2.8.2-cp37-cp37m-musllinux_1_1_aarch64.whl", hash = "sha256:a4b43949477dc2b0d3e1d8b7c413ed74f515cef01954cdcc3fb1e2dcc49f2aff"},
    {file = "bitarray-2.8.2-cp37-cp37m-musllinux_1_1_i686.whl", hash = "sha256:06d9de5db244c6e45a5318713367765de0a57d82ad616869a004a710a95541e9"},
    {file = "bitarray-2.8.2-cp37-cp37m-musllinux_1_1_ppc64le.whl", hash = "sha256:5569c8314335e92570c471d60b4b03eb2a4467864805a560d133d24b27b3961a"},
    {file = "bitarray-2.8.2-cp37-cp37m-musllinux_1_1_s390x.whl", hash = "sha256:76a4faef4c31953aa7b9ebe00d162f7ce9bc03fc8d423ab2dc690a11d7520a8e"},
    {file = "bitarray-2.8.2-cp37-cp37m-musllinux_1_1_x86_64.whl", hash = "sha256:1474db8c4297026e1daa1699e70e25e56dff91104fe025b1a9804332f2737604"},
    {file = "bitarray-2.8.2-cp37-cp37m-win32.whl", hash = "sha256:85b504f233f0484e9a74df4f286a9ae56fbbe2a648c45726761cf7b6f072cdc8"},
    {file = "bitarray-2.8.2-cp37-cp37m-win_amd64.whl", hash = "sha256:3dde123ce85d1ba99d9bdf44b1b3174fa22bc8fb10004e0d72bb661a0444c1a9"},
    {file = "bitarray-2.8.2-cp38-cp38-macosx_10_9_universal2.whl", hash = "sha256:23fae6a5a1403d16592b8823d5dea93f738c6e217a1e1bb0eefad242fb03d47f"},
    {file = "bitarray-2.8.2-cp38-cp38-macosx_10_9_x86_64.whl", hash = "sha256:c44b3022115eb1697315bc51aeadbade1a19d7188bcda66c52d91209cf2963ca"},
    {file = "bitarray-2.8.2-cp38-cp38-macosx_11_0_arm64.whl", hash = "sha256:fea9354b7169810e2bdd6f3265ff128b564a25d38479b9ad0a9c5776e4fd0cfc"},
    {file = "bitarray-2.8.2-cp38-cp38-manylinux_2_17_aarch64.manylinux2014_aarch64.whl", hash = "sha256:6f699bf2cb223aeec04a106003bd2bf8a4fc6d4c5eddf79cacecb6b267657ac5"},
    {file = "bitarray-2.8.2-cp38-cp38-manylinux_2_17_ppc64le.manylinux2014_ppc64le.whl", hash = "sha256:462c9425fbc5315cbc20a72ca62558e5545bb0f6dc9355e2fa96fa747e9b1a80"},
    {file = "bitarray-2.8.2-cp38-cp38-manylinux_2_17_s390x.manylinux2014_s390x.whl", hash = "sha256:0c8716b4c45fb128cd4da143749e276f150ecb0acb711f4969d7e7ebc9b2a675"},
    {file = "bitarray-2.8.2-cp38-cp38-manylinux_2_17_x86_64.manylinux2014_x86_64.whl", hash = "sha256:79fde5b27e35aedd958f5fb58ebabce47d7eddae5a5e3774088c30c9610195ef"},
    {file = "bitarray-2.8.2-cp38-cp38-manylinux_2_5_i686.manylinux1_i686.manylinux_2_17_i686.manylinux2014_i686.whl", hash = "sha256:6abf2593b91e36f1cb1c40ac895993c7d2eb30d3f1cb0954a80e5f13697b6b69"},
    {file = "bitarray-2.8.2-cp38-cp38-musllinux_1_1_aarch64.whl", hash = "sha256:ab2e03dd140ab93b91f94a785d1cd6082d5ab53ab6ec958726efa0ad17f7b87a"},
    {file = "bitarray-2.8.2-cp38-cp38-musllinux_1_1_i686.whl", hash = "sha256:9e895cc3e5ffee269dd9866097e227a68022ef2b78d627a6ed737534d0c88c14"},
    {file = "bitarray-2.8.2-cp38-cp38-musllinux_1_1_ppc64le.whl", hash = "sha256:0bbeb7120ec1a9b26ce423e74cad7b414cea9e35f8e05599e3b3dceb87f4d1b6"},
    {file = "bitarray-2.8.2-cp38-cp38-musllinux_1_1_s390x.whl", hash = "sha256:51d45d56be14b69720d11a8c61e101d86a65dc8a3a9f356bbe4d98cf4f3c5617"},
    {file = "bitarray-2.8.2-cp38-cp38-musllinux_1_1_x86_64.whl", hash = "sha256:726a598e34657772e5f131115741ea8709e9b55fa35d63c4717bc16b2a737d38"},
    {file = "bitarray-2.8.2-cp38-cp38-win32.whl", hash = "sha256:ab87c4c50d65932788d058adbbd28a209144523ffacbab81dd41582ffce26af9"},
    {file = "bitarray-2.8.2-cp38-cp38-win_amd64.whl", hash = "sha256:316147fb62c810a7667277e5ae7bb75b2871c32d2c398aeb4503cbd4cf3315e7"},
    {file = "bitarray-2.8.2-cp39-cp39-macosx_10_9_universal2.whl", hash = "sha256:36bdde1aba78e4a3a6ce5cbebd0a6bc967b0c3fbd8bd99a197dcc17d654f423c"},
    {file = "bitarray-2.8.2-cp39-cp39-macosx_10_9_x86_64.whl", hash = "sha256:932f7b77750dff7140522dc97dfd94533a599ef1c5d0be3733f556fd44a68821"},
    {file = "bitarray-2.8.2-cp39-cp39-macosx_11_0_arm64.whl", hash = "sha256:5819b95d0ccce864066f062d2329363ae8a64b9c3d076d039c75ffc9204c2a12"},
    {file = "bitarray-2.8.2-cp39-cp39-manylinux_2_17_aarch64.manylinux2014_aarch64.whl", hash = "sha256:1c28b52e59a5e6aa00a929b35b04473bd479a74237ab1170c573c49e8aca61fe"},
    {file = "bitarray-2.8.2-cp39-cp39-manylinux_2_17_ppc64le.manylinux2014_ppc64le.whl", hash = "sha256:3ecdd528268478efeb78ed0132b01104bda6cd8f10c8a57708fc87b1add77e4d"},
    {file = "bitarray-2.8.2-cp39-cp39-manylinux_2_17_s390x.manylinux2014_s390x.whl", hash = "sha256:9f6f245d4a5e707d48274f38551b654a36db4fb83437c98be00d2019263aa364"},
    {file = "bitarray-2.8.2-cp39-cp39-manylinux_2_17_x86_64.manylinux2014_x86_64.whl", hash = "sha256:b088f06d9e2f523683ae363e227173ac454dbb56c938c6d42791fdd78bad8da7"},
    {file = "bitarray-2.8.2-cp39-cp39-manylinux_2_5_i686.manylinux1_i686.manylinux_2_17_i686.manylinux2014_i686.whl", hash = "sha256:e883919cea8e446c5c49717a7ce5c93a016a02b9429b81d64b9ab1d80fc12e42"},
    {file = "bitarray-2.8.2-cp39-cp39-musllinux_1_1_aarch64.whl", hash = "sha256:09d729420b8edc4d8a23a518ae4553074a0054d0441c1a461b425c2f033fab5e"},
    {file = "bitarray-2.8.2-cp39-cp39-musllinux_1_1_i686.whl", hash = "sha256:d0d0923087fe1f2d85daa68463d221e90b4b8ed0356480c887eea90b2a2cc7ee"},
    {file = "bitarray-2.8.2-cp39-cp39-musllinux_1_1_ppc64le.whl", hash = "sha256:70cebcf9bc345ac1e034fa781eac3619323eaf87f7bbe26f0e28850beb6f5634"},
    {file = "bitarray-2.8.2-cp39-cp39-musllinux_1_1_s390x.whl", hash = "sha256:890355bf6ba3dc04b5a23d1328eb1f6062165e6262197cebc9acfebdcb23144c"},
    {file = "bitarray-2.8.2-cp39-cp39-musllinux_1_1_x86_64.whl", hash = "sha256:f0b54b95e39036c116ffc057b3f56f6084ce88822de3d5d1f57fa38554ccf5c1"},
    {file = "bitarray-2.8.2-cp39-cp39-win32.whl", hash = "sha256:b499d93fa31a73e31ee62f2cbe07e4df833fd7151734b8f07c48ffe3e4547ec5"},
    {file = "bitarray-2.8.2-cp39-cp39-win_amd64.whl", hash = "sha256:b007aaf5810c708c5a2778e371aa546d7084e4e9f82f65865b2ce5a182376f42"},
    {file = "bitarray-2.8.2-pp310-pypy310_pp73-macosx_10_9_x86_64.whl", hash = "sha256:1b734b074a09b1b2e1de7df423565412d9213faefa8ca422f32be756b189f729"},
    {file = "bitarray-2.8.2-pp310-pypy310_pp73-manylinux_2_17_aarch64.manylinux2014_aarch64.whl", hash = "sha256:dd074b06be9484040acb4c2c0462c4d19a43e377716be7ba10440f51a57bb98c"},
    {file = "bitarray-2.8.2-pp310-pypy310_pp73-manylinux_2_17_x86_64.manylinux2014_x86_64.whl", hash = "sha256:e678696bb613f0344b79be385747aae705b327a9a32ace45a353dd16497bc719"},
    {file = "bitarray-2.8.2-pp310-pypy310_pp73-manylinux_2_5_i686.manylinux1_i686.manylinux_2_17_i686.manylinux2014_i686.whl", hash = "sha256:bb337ffa10824fa2025c4b1c06a2d809dbed4a4bf9e3ffb262676d084c4e0c50"},
    {file = "bitarray-2.8.2-pp310-pypy310_pp73-win_amd64.whl", hash = "sha256:2b3c7aa2c9a6533dc7234d2a303efdcb9df3f4ac4d0919ec1caf568868f12a0a"},
    {file = "bitarray-2.8.2-pp37-pypy37_pp73-macosx_10_9_x86_64.whl", hash = "sha256:e6765c47b487341837b3731cca3c8033b971ee082f6ab41cb430aa3447686eec"},
    {file = "bitarray-2.8.2-pp37-pypy37_pp73-manylinux_2_17_aarch64.manylinux2014_aarch64.whl", hash = "sha256:cb8566b535bc4ebb26247d6f636a27bb0038bc93fa7e55121628f5cd6b0906ac"},
    {file = "bitarray-2.8.2-pp37-pypy37_pp73-manylinux_2_17_x86_64.manylinux2014_x86_64.whl", hash = "sha256:56764825f64ab983d32b8c1d4ee483f415f2559e59388ba266a9fcafc44305bf"},
    {file = "bitarray-2.8.2-pp37-pypy37_pp73-manylinux_2_5_i686.manylinux1_i686.manylinux_2_17_i686.manylinux2014_i686.whl", hash = "sha256:0f45f7d58c399e90ee3bddff4f3e2f53ff95c948b2d43de304266153ebd1d778"},
    {file = "bitarray-2.8.2-pp37-pypy37_pp73-win_amd64.whl", hash = "sha256:095851409e0db75b1416c8c3e24957135d5a2a206790578e43739e92a00c17c4"},
    {file = "bitarray-2.8.2-pp38-pypy38_pp73-macosx_10_9_x86_64.whl", hash = "sha256:8bb60d5a948f00901da1d7e4953189259b3c7ef79391fecd6f18db3f48a036fe"},
    {file = "bitarray-2.8.2-pp38-pypy38_pp73-manylinux_2_17_aarch64.manylinux2014_aarch64.whl", hash = "sha256:2b2dc483ada55ef35990b67dc0e7a779f0b2ce79d156e452dc8b835b03c0dca9"},
    {file = "bitarray-2.8.2-pp38-pypy38_pp73-manylinux_2_17_x86_64.manylinux2014_x86_64.whl", hash = "sha256:8a35e308c23f039064600108fc1c8416bd102bc3cf3a6915761a9f7c801237e0"},
    {file = "bitarray-2.8.2-pp38-pypy38_pp73-manylinux_2_5_i686.manylinux1_i686.manylinux_2_17_i686.manylinux2014_i686.whl", hash = "sha256:fa49f6cfcae4305d8cff028dc9c9a881189a38f7ca43c085aef894c58cb6fbde"},
    {file = "bitarray-2.8.2-pp38-pypy38_pp73-win_amd64.whl", hash = "sha256:111bf9913ebee4630e2cb43b61d0abb39813b231262b114e5268cd6a405a22b9"},
    {file = "bitarray-2.8.2-pp39-pypy39_pp73-macosx_10_9_x86_64.whl", hash = "sha256:b71d82e3f001bcb53463023f7f37e223fff56cf048f577c6d85597db94770f10"},
    {file = "bitarray-2.8.2-pp39-pypy39_pp73-manylinux_2_17_aarch64.manylinux2014_aarch64.whl", hash = "sha256:440c537fdf2eaee7fdd41fb1dce5701c490c1964fdb74225b10b49a7c45bc7b4"},
    {file = "bitarray-2.8.2-pp39-pypy39_pp73-manylinux_2_17_x86_64.manylinux2014_x86_64.whl", hash = "sha256:c384c49ce52b82d5b0355000b8aeb7e3a7654997916c1e6fd9d29697edda1076"},
    {file = "bitarray-2.8.2-pp39-pypy39_pp73-manylinux_2_5_i686.manylinux1_i686.manylinux_2_17_i686.manylinux2014_i686.whl", hash = "sha256:27428d7b0e706307d0c697f81599e7af4f52e5873ea6bc269eae3604b16b81fe"},
    {file = "bitarray-2.8.2-pp39-pypy39_pp73-win_amd64.whl", hash = "sha256:4963982d5da0825768f9a80760a8560c3e4cf711a9a7ea06ff9bcb7bd250b131"},
    {file = "bitarray-2.8.2.tar.gz", hash = "sha256:f90b2f44b5b23364d5fbade2c34652e15b1fcfe813c46f828e008f68a709160f"},
]

[[package]]
name = "bitstring"
version = "4.1.2"
description = "Simple construction, analysis and modification of binary data."
optional = false
python-versions = ">=3.7"
files = [
    {file = "bitstring-4.1.2-py3-none-any.whl", hash = "sha256:bc0dbdb282099d5c6fbf995cd7261449ddeb7bbf042996e503471a35eb2efaa3"},
    {file = "bitstring-4.1.2.tar.gz", hash = "sha256:c22283d60fd3e1a8f386ccd4f1915d7fe13481d6349db39711421e24d4a9cccf"},
]

[package.dependencies]
bitarray = ">=2.8.0,<3.0.0"

[[package]]
name = "joblib"
version = "1.3.2"
description = "Lightweight pipelining with Python functions"
optional = false
python-versions = ">=3.7"
files = [
    {file = "joblib-1.3.2-py3-none-any.whl", hash = "sha256:ef4331c65f239985f3f2220ecc87db222f08fd22097a3dd5698f693875f8cbb9"},
    {file = "joblib-1.3.2.tar.gz", hash = "sha256:92f865e621e17784e7955080b6d042489e3b8e294949cc44c6eac304f59772b1"},
]

[[package]]
name = "mpmath"
version = "1.3.0"
description = "Python library for arbitrary-precision floating-point arithmetic"
optional = false
python-versions = "*"
files = [
    {file = "mpmath-1.3.0-py3-none-any.whl", hash = "sha256:a0b2b9fe80bbcd81a6647ff13108738cfb482d481d826cc0e02f5b35e5c88d2c"},
    {file = "mpmath-1.3.0.tar.gz", hash = "sha256:7a28eb2a9774d00c7bc92411c19a89209d5da7c4c9a9e227be8330a23a25b91f"},
]

[package.extras]
develop = ["codecov", "pycodestyle", "pytest (>=4.6)", "pytest-cov", "wheel"]
docs = ["sphinx"]
gmpy = ["gmpy2 (>=2.1.0a4)"]
tests = ["pytest (>=4.6)"]

[[package]]
name = "numpy"
version = "1.26.1"
description = "Fundamental package for array computing in Python"
optional = false
python-versions = "<3.13,>=3.9"
files = [
    {file = "numpy-1.26.1-cp310-cp310-macosx_10_9_x86_64.whl", hash = "sha256:82e871307a6331b5f09efda3c22e03c095d957f04bf6bc1804f30048d0e5e7af"},
    {file = "numpy-1.26.1-cp310-cp310-macosx_11_0_arm64.whl", hash = "sha256:cdd9ec98f0063d93baeb01aad472a1a0840dee302842a2746a7a8e92968f9575"},
    {file = "numpy-1.26.1-cp310-cp310-manylinux_2_17_aarch64.manylinux2014_aarch64.whl", hash = "sha256:d78f269e0c4fd365fc2992c00353e4530d274ba68f15e968d8bc3c69ce5f5244"},
    {file = "numpy-1.26.1-cp310-cp310-manylinux_2_17_x86_64.manylinux2014_x86_64.whl", hash = "sha256:8ab9163ca8aeb7fd32fe93866490654d2f7dda4e61bc6297bf72ce07fdc02f67"},
    {file = "numpy-1.26.1-cp310-cp310-musllinux_1_1_x86_64.whl", hash = "sha256:78ca54b2f9daffa5f323f34cdf21e1d9779a54073f0018a3094ab907938331a2"},
    {file = "numpy-1.26.1-cp310-cp310-win32.whl", hash = "sha256:d1cfc92db6af1fd37a7bb58e55c8383b4aa1ba23d012bdbba26b4bcca45ac297"},
    {file = "numpy-1.26.1-cp310-cp310-win_amd64.whl", hash = "sha256:d2984cb6caaf05294b8466966627e80bf6c7afd273279077679cb010acb0e5ab"},
    {file = "numpy-1.26.1-cp311-cp311-macosx_10_9_x86_64.whl", hash = "sha256:cd7837b2b734ca72959a1caf3309457a318c934abef7a43a14bb984e574bbb9a"},
    {file = "numpy-1.26.1-cp311-cp311-macosx_11_0_arm64.whl", hash = "sha256:1c59c046c31a43310ad0199d6299e59f57a289e22f0f36951ced1c9eac3665b9"},
    {file = "numpy-1.26.1-cp311-cp311-manylinux_2_17_aarch64.manylinux2014_aarch64.whl", hash = "sha256:d58e8c51a7cf43090d124d5073bc29ab2755822181fcad978b12e144e5e5a4b3"},
    {file = "numpy-1.26.1-cp311-cp311-manylinux_2_17_x86_64.manylinux2014_x86_64.whl", hash = "sha256:6081aed64714a18c72b168a9276095ef9155dd7888b9e74b5987808f0dd0a974"},
    {file = "numpy-1.26.1-cp311-cp311-musllinux_1_1_x86_64.whl", hash = "sha256:97e5d6a9f0702c2863aaabf19f0d1b6c2628fbe476438ce0b5ce06e83085064c"},
    {file = "numpy-1.26.1-cp311-cp311-win32.whl", hash = "sha256:b9d45d1dbb9de84894cc50efece5b09939752a2d75aab3a8b0cef6f3a35ecd6b"},
    {file = "numpy-1.26.1-cp311-cp311-win_amd64.whl", hash = "sha256:3649d566e2fc067597125428db15d60eb42a4e0897fc48d28cb75dc2e0454e53"},
    {file = "numpy-1.26.1-cp312-cp312-macosx_10_9_x86_64.whl", hash = "sha256:1d1bd82d539607951cac963388534da3b7ea0e18b149a53cf883d8f699178c0f"},
    {file = "numpy-1.26.1-cp312-cp312-macosx_11_0_arm64.whl", hash = "sha256:afd5ced4e5a96dac6725daeb5242a35494243f2239244fad10a90ce58b071d24"},
    {file = "numpy-1.26.1-cp312-cp312-manylinux_2_17_aarch64.manylinux2014_aarch64.whl", hash = "sha256:a03fb25610ef560a6201ff06df4f8105292ba56e7cdd196ea350d123fc32e24e"},
    {file = "numpy-1.26.1-cp312-cp312-manylinux_2_17_x86_64.manylinux2014_x86_64.whl", hash = "sha256:dcfaf015b79d1f9f9c9fd0731a907407dc3e45769262d657d754c3a028586124"},
    {file = "numpy-1.26.1-cp312-cp312-musllinux_1_1_x86_64.whl", hash = "sha256:e509cbc488c735b43b5ffea175235cec24bbc57b227ef1acc691725beb230d1c"},
    {file = "numpy-1.26.1-cp312-cp312-win32.whl", hash = "sha256:af22f3d8e228d84d1c0c44c1fbdeb80f97a15a0abe4f080960393a00db733b66"},
    {file = "numpy-1.26.1-cp312-cp312-win_amd64.whl", hash = "sha256:9f42284ebf91bdf32fafac29d29d4c07e5e9d1af862ea73686581773ef9e73a7"},
    {file = "numpy-1.26.1-cp39-cp39-macosx_10_9_x86_64.whl", hash = "sha256:bb894accfd16b867d8643fc2ba6c8617c78ba2828051e9a69511644ce86ce83e"},
    {file = "numpy-1.26.1-cp39-cp39-macosx_11_0_arm64.whl", hash = "sha256:e44ccb93f30c75dfc0c3aa3ce38f33486a75ec9abadabd4e59f114994a9c4617"},
    {file = "numpy-1.26.1-cp39-cp39-manylinux_2_17_aarch64.manylinux2014_aarch64.whl", hash = "sha256:9696aa2e35cc41e398a6d42d147cf326f8f9d81befcb399bc1ed7ffea339b64e"},
    {file = "numpy-1.26.1-cp39-cp39-manylinux_2_17_x86_64.manylinux2014_x86_64.whl", hash = "sha256:a5b411040beead47a228bde3b2241100454a6abde9df139ed087bd73fc0a4908"},
    {file = "numpy-1.26.1-cp39-cp39-musllinux_1_1_x86_64.whl", hash = "sha256:1e11668d6f756ca5ef534b5be8653d16c5352cbb210a5c2a79ff288e937010d5"},
    {file = "numpy-1.26.1-cp39-cp39-win32.whl", hash = "sha256:d1d2c6b7dd618c41e202c59c1413ef9b2c8e8a15f5039e344af64195459e3104"},
    {file = "numpy-1.26.1-cp39-cp39-win_amd64.whl", hash = "sha256:59227c981d43425ca5e5c01094d59eb14e8772ce6975d4b2fc1e106a833d5ae2"},
    {file = "numpy-1.26.1-pp39-pypy39_pp73-macosx_10_9_x86_64.whl", hash = "sha256:06934e1a22c54636a059215d6da99e23286424f316fddd979f5071093b648668"},
    {file = "numpy-1.26.1-pp39-pypy39_pp73-manylinux_2_17_x86_64.manylinux2014_x86_64.whl", hash = "sha256:76ff661a867d9272cd2a99eed002470f46dbe0943a5ffd140f49be84f68ffc42"},
    {file = "numpy-1.26.1-pp39-pypy39_pp73-win_amd64.whl", hash = "sha256:6965888d65d2848e8768824ca8288db0a81263c1efccec881cb35a0d805fcd2f"},
    {file = "numpy-1.26.1.tar.gz", hash = "sha256:c8c6c72d4a9f831f328efb1312642a1cafafaa88981d9ab76368d50d07d93cbe"},
]

[[package]]
name = "scipy"
version = "1.11.3"
description = "Fundamental algorithms for scientific computing in Python"
optional = false
python-versions = "<3.13,>=3.9"
files = [
    {file = "scipy-1.11.3-cp310-cp310-macosx_10_9_x86_64.whl", hash = "sha256:370f569c57e1d888304052c18e58f4a927338eafdaef78613c685ca2ea0d1fa0"},
    {file = "scipy-1.11.3-cp310-cp310-macosx_12_0_arm64.whl", hash = "sha256:9885e3e4f13b2bd44aaf2a1a6390a11add9f48d5295f7a592393ceb8991577a3"},
    {file = "scipy-1.11.3-cp310-cp310-manylinux_2_17_aarch64.manylinux2014_aarch64.whl", hash = "sha256:e04aa19acc324a1a076abb4035dabe9b64badb19f76ad9c798bde39d41025cdc"},
    {file = "scipy-1.11.3-cp310-cp310-manylinux_2_17_x86_64.manylinux2014_x86_64.whl", hash = "sha256:3e1a8a4657673bfae1e05e1e1d6e94b0cabe5ed0c7c144c8aa7b7dbb774ce5c1"},
    {file = "scipy-1.11.3-cp310-cp310-musllinux_1_1_x86_64.whl", hash = "sha256:7abda0e62ef00cde826d441485e2e32fe737bdddee3324e35c0e01dee65e2a88"},
    {file = "scipy-1.11.3-cp310-cp310-win_amd64.whl", hash = "sha256:033c3fd95d55012dd1148b201b72ae854d5086d25e7c316ec9850de4fe776929"},
    {file = "scipy-1.11.3-cp311-cp311-macosx_10_9_x86_64.whl", hash = "sha256:925c6f09d0053b1c0f90b2d92d03b261e889b20d1c9b08a3a51f61afc5f58165"},
    {file = "scipy-1.11.3-cp311-cp311-macosx_12_0_arm64.whl", hash = "sha256:5664e364f90be8219283eeb844323ff8cd79d7acbd64e15eb9c46b9bc7f6a42a"},
    {file = "scipy-1.11.3-cp311-cp311-manylinux_2_17_aarch64.manylinux2014_aarch64.whl", hash = "sha256:00f325434b6424952fbb636506f0567898dca7b0f7654d48f1c382ea338ce9a3"},
    {file = "scipy-1.11.3-cp311-cp311-manylinux_2_17_x86_64.manylinux2014_x86_64.whl", hash = "sha256:5f290cf561a4b4edfe8d1001ee4be6da60c1c4ea712985b58bf6bc62badee221"},
    {file = "scipy-1.11.3-cp311-cp311-musllinux_1_1_x86_64.whl", hash = "sha256:91770cb3b1e81ae19463b3c235bf1e0e330767dca9eb4cd73ba3ded6c4151e4d"},
    {file = "scipy-1.11.3-cp311-cp311-win_amd64.whl", hash = "sha256:e1f97cd89c0fe1a0685f8f89d85fa305deb3067d0668151571ba50913e445820"},
    {file = "scipy-1.11.3-cp312-cp312-macosx_10_9_x86_64.whl", hash = "sha256:dfcc1552add7cb7c13fb70efcb2389d0624d571aaf2c80b04117e2755a0c5d15"},
    {file = "scipy-1.11.3-cp312-cp312-macosx_12_0_arm64.whl", hash = "sha256:0d3a136ae1ff0883fffbb1b05b0b2fea251cb1046a5077d0b435a1839b3e52b7"},
    {file = "scipy-1.11.3-cp312-cp312-manylinux_2_17_aarch64.manylinux2014_aarch64.whl", hash = "sha256:bae66a2d7d5768eaa33008fa5a974389f167183c87bf39160d3fefe6664f8ddc"},
    {file = "scipy-1.11.3-cp312-cp312-manylinux_2_17_x86_64.manylinux2014_x86_64.whl", hash = "sha256:d2f6dee6cbb0e263b8142ed587bc93e3ed5e777f1f75448d24fb923d9fd4dce6"},
    {file = "scipy-1.11.3-cp312-cp312-musllinux_1_1_x86_64.whl", hash = "sha256:74e89dc5e00201e71dd94f5f382ab1c6a9f3ff806c7d24e4e90928bb1aafb280"},
    {file = "scipy-1.11.3-cp312-cp312-win_amd64.whl", hash = "sha256:90271dbde4be191522b3903fc97334e3956d7cfb9cce3f0718d0ab4fd7d8bfd6"},
    {file = "scipy-1.11.3-cp39-cp39-macosx_10_9_x86_64.whl", hash = "sha256:a63d1ec9cadecce838467ce0631c17c15c7197ae61e49429434ba01d618caa83"},
    {file = "scipy-1.11.3-cp39-cp39-macosx_12_0_arm64.whl", hash = "sha256:5305792c7110e32ff155aed0df46aa60a60fc6e52cd4ee02cdeb67eaccd5356e"},
    {file = "scipy-1.11.3-cp39-cp39-manylinux_2_17_aarch64.manylinux2014_aarch64.whl", hash = "sha256:9ea7f579182d83d00fed0e5c11a4aa5ffe01460444219dedc448a36adf0c3917"},
    {file = "scipy-1.11.3-cp39-cp39-manylinux_2_17_x86_64.manylinux2014_x86_64.whl", hash = "sha256:c77da50c9a91e23beb63c2a711ef9e9ca9a2060442757dffee34ea41847d8156"},
    {file = "scipy-1.11.3-cp39-cp39-musllinux_1_1_x86_64.whl", hash = "sha256:15f237e890c24aef6891c7d008f9ff7e758c6ef39a2b5df264650eb7900403c0"},
    {file = "scipy-1.11.3-cp39-cp39-win_amd64.whl", hash = "sha256:4b4bb134c7aa457e26cc6ea482b016fef45db71417d55cc6d8f43d799cdf9ef2"},
    {file = "scipy-1.11.3.tar.gz", hash = "sha256:bba4d955f54edd61899776bad459bf7326e14b9fa1c552181f0479cc60a568cd"},
]

[package.dependencies]
numpy = ">=1.21.6,<1.28.0"

[package.extras]
dev = ["click", "cython-lint (>=0.12.2)", "doit (>=0.36.0)", "mypy", "pycodestyle", "pydevtool", "rich-click", "ruff", "types-psutil", "typing_extensions"]
doc = ["jupytext", "matplotlib (>2)", "myst-nb", "numpydoc", "pooch", "pydata-sphinx-theme (==0.9.0)", "sphinx (!=4.1.0)", "sphinx-design (>=0.2.0)"]
test = ["asv", "gmpy2", "mpmath", "pooch", "pytest", "pytest-cov", "pytest-timeout", "pytest-xdist", "scikit-umfpack", "threadpoolctl"]

[[package]]
name = "sympy"
version = "1.12"
description = "Computer algebra system (CAS) in Python"
optional = false
python-versions = ">=3.8"
files = [
    {file = "sympy-1.12-py3-none-any.whl", hash = "sha256:c3588cd4295d0c0f603d0f2ae780587e64e2efeedb3521e46b9bb1d08d184fa5"},
    {file = "sympy-1.12.tar.gz", hash = "sha256:ebf595c8dac3e0fdc4152c51878b498396ec7f30e7a914d6071e674d49420fb8"},
]

[package.dependencies]
mpmath = ">=0.19"

[metadata]
lock-version = "2.0"
python-versions = ">=3.9,<3.13"
content-hash = "f43314ee73503a9526e20f9eb6d6504b80dd02b5e083d3ab58105659870daa0a"
